<?xml version="1.0" encoding="utf-8"?>
<Project ToolsVersion="4.0" xmlns="http://schemas.microsoft.com/developer/msbuild/2003">
  <ItemGroup>
    <None Include="README.md" />
    <None Include="Memo.md" />
    <None Include="asset\bgm_maoudamashii_8bit24.ogg" />
    <None Include="asset\se_maoudamashii_system21.ogg" />
    <None Include="asset\se_maoudamashii_system48.ogg" />
    <None Include="asset\se_maoudamashii_system45.ogg" />
  </ItemGroup>
  <ItemGroup>
    <ClCompile Include="Src\Main.cpp" />
    <ClCompile Include="Src\Fps.cpp" />
    <ClCompile Include="Src\Pad.cpp" />
    <ClCompile Include="Src\SceneManager.cpp" />
    <ClCompile Include="Src\SceneDebug.cpp" />
    <ClCompile Include="Src\SceneTitle.cpp" />
    <ClCompile Include="Src\SceneMenu.cpp" />
    <ClCompile Include="Src\SceneGame.cpp" />
    <ClCompile Include="Src\SceneSelectMode.cpp" />
    <ClCompile Include="Src\SceneInit.cpp" />
    <ClCompile Include="Src\KeyBoad.cpp" />
    <ClCompile Include="Src\Input.cpp" />
    <ClCompile Include="Src\DataManager.cpp" />
    <ClCompile Include="Src\Component.cpp" />
    <ClCompile Include="Src\Player.cpp" />
    <ClCompile Include="Src\TransTitleToMenu.cpp" />
    <ClCompile Include="Src\Sound.cpp" />
  </ItemGroup>
  <ItemGroup>
    <ClInclude Include="Src\main.h" />
    <ClInclude Include="Src\Fps.h" />
    <ClInclude Include="Src\Pad.h" />
    <ClInclude Include="Src\SceneManager.h" />
    <ClInclude Include="Src\SceneDebug.h" />
    <ClInclude Include="Src\SceneTitle.h" />
    <ClInclude Include="Src\SceneBase.h" />
    <ClInclude Include="Src\SceneMenu.h" />
    <ClInclude Include="Src\SceneGame.h" />
    <ClInclude Include="Src\SceneSelectMode.h" />
    <ClInclude Include="Src\SceneInit.h" />
    <ClInclude Include="Src\KeyBoad.h" />
    <ClInclude Include="Src\Input.h" />
    <ClInclude Include="Src\DataManager.h" />
    <ClInclude Include="Src\Component.h" />
    <ClInclude Include="Src\Task.h" />
    <ClInclude Include="Src\Player.h" />
    <ClInclude Include="Src\TransTitleToMenu.h" />
    <ClInclude Include="Src\Sound.h" />
  </ItemGroup>
  <ItemGroup>
    <Image Include="asset\joji_shadow.png" />
    <Image Include="asset\back_pink.png" />
    <Image Include="asset\p.png" />
    <Image Include="asset\Title.png" />
    <Image Include="asset\MENU.png" />
  </ItemGroup>
</Project>