<?xml version="1.0" encoding="utf-8"?>
<Project ToolsVersion="4.0" xmlns="http://schemas.microsoft.com/developer/msbuild/2003">
  <ItemGroup>
    <None Include="README.md" />
    <None Include="Memo.md" />
  </ItemGroup>
  <ItemGroup>
    <ClCompile Include="Src\Main.cpp" />
    <ClCompile Include="Src\Fps.cpp" />
    <ClCompile Include="Src\Pad.cpp" />
    <ClCompile Include="Src\SceneManager.cpp" />
    <ClCompile Include="Src\SceneDebug.cpp" />
    <ClCompile Include="Src\SceneTitle.cpp" />
    <ClCompile Include="Src\SceneMenu.cpp" />
    <ClCompile Include="Src\SceneGame.cpp" />
    <ClCompile Include="Src\SceneSelectMode.cpp" />
    <ClCompile Include="Src\SceneInit.cpp" />
    <ClCompile Include="Src\KeyBoad.cpp" />
    <ClCompile Include="Src\Input.cpp" />
    <ClCompile Include="Src\DataManager.cpp" />
  </ItemGroup>
  <ItemGroup>
    <ClInclude Include="Src\main.h" />
    <ClInclude Include="Src\Fps.h" />
    <ClInclude Include="Src\Pad.h" />
    <ClInclude Include="Src\SceneManager.h" />
    <ClInclude Include="Src\SceneDebug.h" />
    <ClInclude Include="Src\SceneTitle.h" />
    <ClInclude Include="Src\SceneBase.h" />
    <ClInclude Include="Src\SceneMenu.h" />
    <ClInclude Include="Src\SceneGame.h" />
    <ClInclude Include="Src\SceneSelectMode.h" />
    <ClInclude Include="Src\SceneInit.h" />
    <ClInclude Include="Src\KeyBoad.h" />
    <ClInclude Include="Src\Input.h" />
    <ClInclude Include="Src\DataManager.h" />
  </ItemGroup>
  <ItemGroup>
    <Image Include="asset\joji_shadow.png" />
    <Image Include="asset\back_pink.png" />
  </ItemGroup>
</Project>